
Microsoft Visual Studio Solution File, Format Version 12.00
Project("{FAE04EC0-301F-11D3-BF4B-00C04F79EFBC}") = "integra_dados", "integra_dados\integra_dados.csproj", "{6D9CAB86-9AB1-4B9A-9896-3972EA987B6A}"
EndProject
Project("{2150E333-8FDC-42A3-9474-1A3956D46DE8}") = "Solution Items", "Solution Items", "{BB5B880E-B6C1-44BC-82ED-BB14A71244EF}"
	ProjectSection(SolutionItems) = preProject
		compose.yaml = compose.yaml
	EndProjectSection
EndProject
Global
	GlobalSection(SolutionConfigurationPlatforms) = preSolution
		Debug|Any CPU = Debug|Any CPU
		Release|Any CPU = Release|Any CPU
	EndGlobalSection
	GlobalSection(ProjectConfigurationPlatforms) = postSolution
		{6D9CAB86-9AB1-4B9A-9896-3972EA987B6A}.Debug|Any CPU.ActiveCfg = Debug|Any CPU
		{6D9CAB86-9AB1-4B9A-9896-3972EA987B6A}.Debug|Any CPU.Build.0 = Debug|Any CPU
		{6D9CAB86-9AB1-4B9A-9896-3972EA987B6A}.Release|Any CPU.ActiveCfg = Release|Any CPU
		{6D9CAB86-9AB1-4B9A-9896-3972EA987B6A}.Release|Any CPU.Build.0 = Release|Any CPU
	EndGlobalSection
EndGlobal
